
Microsoft Visual Studio Solution File, Format Version 12.00
# Visual Studio Version 17
VisualStudioVersion = 17.10.35013.160
MinimumVisualStudioVersion = 10.0.40219.1
Project("{FAE04EC0-301F-11D3-BF4B-00C04F79EFBC}") = "ShiftsLoggerAPI-DotNet8", "ShiftsLoggerAPI-DotNet8\ShiftsLoggerAPI-DotNet8.csproj", "{176EC4BC-E77D-48FE-9938-E6D656FCBB0E}"
EndProject
Global
	GlobalSection(SolutionConfigurationPlatforms) = preSolution
		Debug|Any CPU = Debug|Any CPU
		Release|Any CPU = Release|Any CPU
	EndGlobalSection
	GlobalSection(ProjectConfigurationPlatforms) = postSolution
		{176EC4BC-E77D-48FE-9938-E6D656FCBB0E}.Debug|Any CPU.ActiveCfg = Debug|Any CPU
		{176EC4BC-E77D-48FE-9938-E6D656FCBB0E}.Debug|Any CPU.Build.0 = Debug|Any CPU
		{176EC4BC-E77D-48FE-9938-E6D656FCBB0E}.Release|Any CPU.ActiveCfg = Release|Any CPU
		{176EC4BC-E77D-48FE-9938-E6D656FCBB0E}.Release|Any CPU.Build.0 = Release|Any CPU
	EndGlobalSection
	GlobalSection(SolutionProperties) = preSolution
		HideSolutionNode = FALSE
	EndGlobalSection
	GlobalSection(ExtensibilityGlobals) = postSolution
		SolutionGuid = {CAF28F90-C31B-40BF-88CA-F00310C9A7EC}
	EndGlobalSection
EndGlobal
